
Microsoft Visual Studio Solution File, Format Version 12.00
# Visual Studio Version 17
VisualStudioVersion = 17.14.36310.24 d17.14
MinimumVisualStudioVersion = 10.0.40219.1
Project("{FAE04EC0-301F-11D3-BF4B-00C04F79EFBC}") = "DeliveryService", "DeliveryService\DeliveryService.csproj", "{885AFC41-BC5F-407A-BD94-78D18CF1ED68}"
EndProject
Global
	GlobalSection(SolutionConfigurationPlatforms) = preSolution
		Debug|Any CPU = Debug|Any CPU
		Release|Any CPU = Release|Any CPU
	EndGlobalSection
	GlobalSection(ProjectConfigurationPlatforms) = postSolution
		{885AFC41-BC5F-407A-BD94-78D18CF1ED68}.Debug|Any CPU.ActiveCfg = Debug|Any CPU
		{885AFC41-BC5F-407A-BD94-78D18CF1ED68}.Debug|Any CPU.Build.0 = Debug|Any CPU
		{885AFC41-BC5F-407A-BD94-78D18CF1ED68}.Release|Any CPU.ActiveCfg = Release|Any CPU
		{885AFC41-BC5F-407A-BD94-78D18CF1ED68}.Release|Any CPU.Build.0 = Release|Any CPU
	EndGlobalSection
	GlobalSection(SolutionProperties) = preSolution
		HideSolutionNode = FALSE
	EndGlobalSection
	GlobalSection(ExtensibilityGlobals) = postSolution
		SolutionGuid = {EC36F7A6-947D-4954-902C-CE78F92DFEEB}
	EndGlobalSection
EndGlobal
